
Microsoft Visual Studio Solution File, Format Version 12.00
# Visual Studio Version 17
VisualStudioVersion = 17.5.002.0
MinimumVisualStudioVersion = 10.0.40219.1
Project("{9A19103F-16F7-4668-BE54-9A1E7A4F7556}") = "testando", "testando.csproj", "{EBF4D5A9-5243-40C8-BB7F-2B841A45CDC5}"
EndProject
Global
	GlobalSection(SolutionConfigurationPlatforms) = preSolution
		Debug|Any CPU = Debug|Any CPU
		Release|Any CPU = Release|Any CPU
	EndGlobalSection
	GlobalSection(ProjectConfigurationPlatforms) = postSolution
		{EBF4D5A9-5243-40C8-BB7F-2B841A45CDC5}.Debug|Any CPU.ActiveCfg = Debug|Any CPU
		{EBF4D5A9-5243-40C8-BB7F-2B841A45CDC5}.Debug|Any CPU.Build.0 = Debug|Any CPU
		{EBF4D5A9-5243-40C8-BB7F-2B841A45CDC5}.Release|Any CPU.ActiveCfg = Release|Any CPU
		{EBF4D5A9-5243-40C8-BB7F-2B841A45CDC5}.Release|Any CPU.Build.0 = Release|Any CPU
	EndGlobalSection
	GlobalSection(SolutionProperties) = preSolution
		HideSolutionNode = FALSE
	EndGlobalSection
	GlobalSection(ExtensibilityGlobals) = postSolution
		SolutionGuid = {D7A5A18B-D499-4BE6-AC9B-87A6B1AC1FFF}
	EndGlobalSection
EndGlobal
